// !$*UTF8*$!
{
	archiveVersion = 1;
	classes = {
	};
	objectVersion = 46;
	objects = {

/* Begin PBXBuildFile section */
		01C0171917935E00004D212D /* UIKit.framework in Frameworks */ = {isa = PBXBuildFile; fileRef = 01C0171817935E00004D212D /* UIKit.framework */; };
		01C0171B17935E00004D212D /* Foundation.framework in Frameworks */ = {isa = PBXBuildFile; fileRef = 01C0171A17935E00004D212D /* Foundation.framework */; };
		01C0171D17935E01004D212D /* CoreGraphics.framework in Frameworks */ = {isa = PBXBuildFile; fileRef = 01C0171C17935E00004D212D /* CoreGraphics.framework */; };
		01C0172317935E01004D212D /* InfoPlist.strings in Resources */ = {isa = PBXBuildFile; fileRef = 01C0172117935E01004D212D /* InfoPlist.strings */; };
		01C0172517935E01004D212D /* main.m in Sources */ = {isa = PBXBuildFile; fileRef = 01C0172417935E01004D212D /* main.m */; };
		01C0172917935E01004D212D /* AnimateAppDelegate.m in Sources */ = {isa = PBXBuildFile; fileRef = 01C0172817935E01004D212D /* AnimateAppDelegate.m */; };
		01C0172B17935E01004D212D /* Default.png in Resources */ = {isa = PBXBuildFile; fileRef = 01C0172A17935E01004D212D /* Default.png */; };
		01C0172D17935E01004D212D /* Default@2x.png in Resources */ = {isa = PBXBuildFile; fileRef = 01C0172C17935E01004D212D /* Default@2x.png */; };
		01C0172F17935E01004D212D /* Default-568h@2x.png in Resources */ = {isa = PBXBuildFile; fileRef = 01C0172E17935E01004D212D /* Default-568h@2x.png */; };
		01C0173717935E1A004D212D /* View.m in Sources */ = {isa = PBXBuildFile; fileRef = 01C0173617935E1A004D212D /* View.m */; };
		01C0173A17935E38004D212D /* LittleView.m in Sources */ = {isa = PBXBuildFile; fileRef = 01C0173917935E38004D212D /* LittleView.m */; };
/* End PBXBuildFile section */

/* Begin PBXFileReference section */
		01C0171517935E00004D212D /* Animate.app */ = {isa = PBXFileReference; explicitFileType = wrapper.application; includeInIndex = 0; path = Animate.app; sourceTree = BUILT_PRODUCTS_DIR; };
		01C0171817935E00004D212D /* UIKit.framework */ = {isa = PBXFileReference; lastKnownFileType = wrapper.framework; name = UIKit.framework; path = System/Library/Frameworks/UIKit.framework; sourceTree = SDKROOT; };
		01C0171A17935E00004D212D /* Foundation.framework */ = {isa = PBXFileReference; lastKnownFileType = wrapper.framework; name = Foundation.framework; path = System/Library/Frameworks/Foundation.framework; sourceTree = SDKROOT; };
		01C0171C17935E00004D212D /* CoreGraphics.framework */ = {isa = PBXFileReference; lastKnownFileType = wrapper.framework; name = CoreGraphics.framework; path = System/Library/Frameworks/CoreGraphics.framework; sourceTree = SDKROOT; };
		01C0172017935E01004D212D /* Animate-Info.plist */ = {isa = PBXFileReference; lastKnownFileType = text.plist.xml; path = "Animate-Info.plist"; sourceTree = "<group>"; };
		01C0172217935E01004D212D /* en */ = {isa = PBXFileReference; lastKnownFileType = text.plist.strings; name = en; path = en.lproj/InfoPlist.strings; sourceTree = "<group>"; };
		01C0172417935E01004D212D /* main.m */ = {isa = PBXFileReference; lastKnownFileType = sourcecode.c.objc; path = main.m; sourceTree = "<group>"; };
		01C0172617935E01004D212D /* Animate-Prefix.pch */ = {isa = PBXFileReference; lastKnownFileType = sourcecode.c.h; path = "Animate-Prefix.pch"; sourceTree = "<group>"; };
		01C0172717935E01004D212D /* AnimateAppDelegate.h */ = {isa = PBXFileReference; lastKnownFileType = sourcecode.c.h; path = AnimateAppDelegate.h; sourceTree = "<group>"; };
		01C0172817935E01004D212D /* AnimateAppDelegate.m */ = {isa = PBXFileReference; lastKnownFileType = sourcecode.c.objc; path = AnimateAppDelegate.m; sourceTree = "<group>"; };
		01C0172A17935E01004D212D /* Default.png */ = {isa = PBXFileReference; lastKnownFileType = image.png; path = Default.png; sourceTree = "<group>"; };
		01C0172C17935E01004D212D /* Default@2x.png */ = {isa = PBXFileReference; lastKnownFileType = image.png; path = "Default@2x.png"; sourceTree = "<group>"; };
		01C0172E17935E01004D212D /* Default-568h@2x.png */ = {isa = PBXFileReference; lastKnownFileType = image.png; path = "Default-568h@2x.png"; sourceTree = "<group>"; };
		01C0173517935E1A004D212D /* View.h */ = {isa = PBXFileReference; fileEncoding = 4; lastKnownFileType = sourcecode.c.h; name = View.h; path = ../View.h; sourceTree = "<group>"; };
		01C0173617935E1A004D212D /* View.m */ = {isa = PBXFileReference; fileEncoding = 4; lastKnownFileType = sourcecode.c.objc; name = View.m; path = ../View.m; sourceTree = "<group>"; };
		01C0173817935E38004D212D /* LittleView.h */ = {isa = PBXFileReference; fileEncoding = 4; lastKnownFileType = sourcecode.c.h; name = LittleView.h; path = ../LittleView.h; sourceTree = "<group>"; };
		01C0173917935E38004D212D /* LittleView.m */ = {isa = PBXFileReference; fileEncoding = 4; lastKnownFileType = sourcecode.c.objc; name = LittleView.m; path = ../LittleView.m; sourceTree = "<group>"; };
/* End PBXFileReference section */

/* Begin PBXFrameworksBuildPhase section */
		01C0171217935E00004D212D /* Frameworks */ = {
			isa = PBXFrameworksBuildPhase;
			buildActionMask = 2147483647;
			files = (
				01C0171917935E00004D212D /* UIKit.framework in Frameworks */,
				01C0171B17935E00004D212D /* Foundation.framework in Frameworks */,
				01C0171D17935E01004D212D /* CoreGraphics.framework in Frameworks */,
			);
			runOnlyForDeploymentPostprocessing = 0;
		};
/* End PBXFrameworksBuildPhase section */

/* Begin PBXGroup section */
		01C0170C17935E00004D212D = {
			isa = PBXGroup;
			children = (
				01C0171E17935E01004D212D /* Animate */,
				01C0171717935E00004D212D /* Frameworks */,
				01C0171617935E00004D212D /* Products */,
			);
			sourceTree = "<group>";
		};
		01C0171617935E00004D212D /* Products */ = {
			isa = PBXGroup;
			children = (
				01C0171517935E00004D212D /* Animate.app */,
			);
			name = Products;
			sourceTree = "<group>";
		};
		01C0171717935E00004D212D /* Frameworks */ = {
			isa = PBXGroup;
			children = (
				01C0171817935E00004D212D /* UIKit.framework */,
				01C0171A17935E00004D212D /* Foundation.framework */,
				01C0171C17935E00004D212D /* CoreGraphics.framework */,
			);
			name = Frameworks;
			sourceTree = "<group>";
		};
		01C0171E17935E01004D212D /* Animate */ = {
			isa = PBXGroup;
			children = (
				01C0172717935E01004D212D /* AnimateAppDelegate.h */,
				01C0172817935E01004D212D /* AnimateAppDelegate.m */,
				01C0173817935E38004D212D /* LittleView.h */,
				01C0173917935E38004D212D /* LittleView.m */,
				01C0173517935E1A004D212D /* View.h */,
				01C0173617935E1A004D212D /* View.m */,
				01C0171F17935E01004D212D /* Supporting Files */,
			);
			path = Animate;
			sourceTree = "<group>";
		};
		01C0171F17935E01004D212D /* Supporting Files */ = {
			isa = PBXGroup;
			children = (
				01C0172017935E01004D212D /* Animate-Info.plist */,
				01C0172117935E01004D212D /* InfoPlist.strings */,
				01C0172417935E01004D212D /* main.m */,
				01C0172617935E01004D212D /* Animate-Prefix.pch */,
				01C0172A17935E01004D212D /* Default.png */,
				01C0172C17935E01004D212D /* Default@2x.png */,
				01C0172E17935E01004D212D /* Default-568h@2x.png */,
			);
			name = "Supporting Files";
			sourceTree = "<group>";
		};
/* End PBXGroup section */

/* Begin PBXNativeTarget section */
		01C0171417935E00004D212D /* Animate */ = {
			isa = PBXNativeTarget;
			buildConfigurationList = 01C0173217935E01004D212D /* Build configuration list for PBXNativeTarget "Animate" */;
			buildPhases = (
				01C0171117935E00004D212D /* Sources */,
				01C0171217935E00004D212D /* Frameworks */,
				01C0171317935E00004D212D /* Resources */,
			);
			buildRules = (
			);
			dependencies = (
			);
			name = Animate;
			productName = Animate;
			productReference = 01C0171517935E00004D212D /* Animate.app */;
			productType = "com.apple.product-type.application";
		};
/* End PBXNativeTarget section */

/* Begin PBXProject section */
		01C0170D17935E00004D212D /* Project object */ = {
			isa = PBXProject;
			attributes = {
				CLASSPREFIX = Animate;
				LastUpgradeCheck = 0460;
				ORGANIZATIONNAME = "PHILIP JACOBS";
			};
			buildConfigurationList = 01C0171017935E00004D212D /* Build configuration list for PBXProject "Animate" */;
			compatibilityVersion = "Xcode 3.2";
			developmentRegion = English;
			hasScannedForEncodings = 0;
			knownRegions = (
				en,
			);
			mainGroup = 01C0170C17935E00004D212D;
			productRefGroup = 01C0171617935E00004D212D /* Products */;
			projectDirPath = "";
			projectRoot = "";
			targets = (
				01C0171417935E00004D212D /* Animate */,
			);
		};
/* End PBXProject section */

/* Begin PBXResourcesBuildPhase section */
		01C0171317935E00004D212D /* Resources */ = {
			isa = PBXResourcesBuildPhase;
			buildActionMask = 2147483647;
			files = (
				01C0172317935E01004D212D /* InfoPlist.strings in Resources */,
				01C0172B17935E01004D212D /* Default.png in Resources */,
				01C0172D17935E01004D212D /* Default@2x.png in Resources */,
				01C0172F17935E01004D212D /* Default-568h@2x.png in Resources */,
			);
			runOnlyForDeploymentPostprocessing = 0;
		};
/* End PBXResourcesBuildPhase section */

/* Begin PBXSourcesBuildPhase section */
		01C0171117935E00004D212D /* Sources */ = {
			isa = PBXSourcesBuildPhase;
			buildActionMask = 2147483647;
			files = (
				01C0172517935E01004D212D /* main.m in Sources */,
				01C0172917935E01004D212D /* AnimateAppDelegate.m in Sources */,
				01C0173717935E1A004D212D /* View.m in Sources */,
				01C0173A17935E38004D212D /* LittleView.m in Sources */,
			);
			runOnlyForDeploymentPostprocessing = 0;
		};
/* End PBXSourcesBuildPhase section */

/* Begin PBXVariantGroup section */
		01C0172117935E01004D212D /* InfoPlist.strings */ = {
			isa = PBXVariantGroup;
			children = (
				01C0172217935E01004D212D /* en */,
			);
			name = InfoPlist.strings;
			sourceTree = "<group>";
		};
/* End PBXVariantGroup section */

/* Begin XCBuildConfiguration section */
		01C0173017935E01004D212D /* Debug */ = {
			isa = XCBuildConfiguration;
			buildSettings = {
				ALWAYS_SEARCH_USER_PATHS = NO;
				CLANG_CXX_LANGUAGE_STANDARD = "gnu++0x";
				CLANG_CXX_LIBRARY = "libc++";
				CLANG_ENABLE_OBJC_ARC = YES;
				CLANG_WARN_CONSTANT_CONVERSION = YES;
				CLANG_WARN_EMPTY_BODY = YES;
				CLANG_WARN_ENUM_CONVERSION = YES;
				CLANG_WARN_INT_CONVERSION = YES;
				CLANG_WARN__DUPLICATE_METHOD_MATCH = YES;
				"CODE_SIGN_IDENTITY[sdk=iphoneos*]" = "iPhone Developer";
				COPY_PHASE_STRIP = NO;
				GCC_C_LANGUAGE_STANDARD = gnu99;
				GCC_DYNAMIC_NO_PIC = NO;
				GCC_OPTIMIZATION_LEVEL = 0;
				GCC_PREPROCESSOR_DEFINITIONS = (
					"DEBUG=1",
					"$(inherited)",
				);
				GCC_SYMBOLS_PRIVATE_EXTERN = NO;
				GCC_WARN_ABOUT_RETURN_TYPE = YES;
				GCC_WARN_UNINITIALIZED_AUTOS = YES;
				GCC_WARN_UNUSED_VARIABLE = YES;
				IPHONEOS_DEPLOYMENT_TARGET = 6.1;
				ONLY_ACTIVE_ARCH = YES;
				SDKROOT = iphoneos;
			};
			name = Debug;
		};
		01C0173117935E01004D212D /* Release */ = {
			isa = XCBuildConfiguration;
			buildSettings = {
				ALWAYS_SEARCH_USER_PATHS = NO;
				CLANG_CXX_LANGUAGE_STANDARD = "gnu++0x";
				CLANG_CXX_LIBRARY = "libc++";
				CLANG_ENABLE_OBJC_ARC = YES;
				CLANG_WARN_CONSTANT_CONVERSION = YES;
				CLANG_WARN_EMPTY_BODY = YES;
				CLANG_WARN_ENUM_CONVERSION = YES;
				CLANG_WARN_INT_CONVERSION = YES;
				CLANG_WARN__DUPLICATE_METHOD_MATCH = YES;
				"CODE_SIGN_IDENTITY[sdk=iphoneos*]" = "iPhone Developer";
				COPY_PHASE_STRIP = YES;
				GCC_C_LANGUAGE_STANDARD = gnu99;
				GCC_WARN_ABOUT_RETURN_TYPE = YES;
				GCC_WARN_UNINITIALIZED_AUTOS = YES;
				GCC_WARN_UNUSED_VARIABLE = YES;
				IPHONEOS_DEPLOYMENT_TARGET = 6.1;
				OTHER_CFLAGS = "-DNS_BLOCK_ASSERTIONS=1";
				SDKROOT = iphoneos;
				VALIDATE_PRODUCT = YES;
			};
			name = Release;
		};
		01C0173317935E01004D212D /* Debug */ = {
			isa = XCBuildConfiguration;
			buildSettings = {
				GCC_PRECOMPILE_PREFIX_HEADER = YES;
				GCC_PREFIX_HEADER = "Animate/Animate-Prefix.pch";
				INFOPLIST_FILE = "Animate/Animate-Info.plist";
				PRODUCT_NAME = "$(TARGET_NAME)";
				WRAPPER_EXTENSION = app;
			};
			name = Debug;
		};
		01C0173417935E01004D212D /* Release */ = {
			isa = XCBuildConfiguration;
			buildSettings = {
				GCC_PRECOMPILE_PREFIX_HEADER = YES;
				GCC_PREFIX_HEADER = "Animate/Animate-Prefix.pch";
				INFOPLIST_FILE = "Animate/Animate-Info.plist";
				PRODUCT_NAME = "$(TARGET_NAME)";
				WRAPPER_EXTENSION = app;
			};
			name = Release;
		};
/* End XCBuildConfiguration section */

/* Begin XCConfigurationList section */
		01C0171017935E00004D212D /* Build configuration list for PBXProject "Animate" */ = {
			isa = XCConfigurationList;
			buildConfigurations = (
				01C0173017935E01004D212D /* Debug */,
				01C0173117935E01004D212D /* Release */,
			);
			defaultConfigurationIsVisible = 0;
			defaultConfigurationName = Release;
		};
		01C0173217935E01004D212D /* Build configuration list for PBXNativeTarget "Animate" */ = {
			isa = XCConfigurationList;
			buildConfigurations = (
				01C0173317935E01004D212D /* Debug */,
				01C0173417935E01004D212D /* Release */,
			);
			defaultConfigurationIsVisible = 0;
		};
/* End XCConfigurationList section */
	};
	rootObject = 01C0170D17935E00004D212D /* Project object */;
}
